// !$*UTF8*$!
{
	archiveVersion = 1;
	classes = {
	};
	objectVersion = 56;
	objects = {

/* Begin PBXBuildFile section */
		AD28550F2C120C72002FF1B5 /* Extensions.swift in Sources */ = {isa = PBXBuildFile; fileRef = AD28550E2C120C72002FF1B5 /* Extensions.swift */; };
		AD2855112C120C9B002FF1B5 /* CustomFont.swift in Sources */ = {isa = PBXBuildFile; fileRef = AD2855102C120C9B002FF1B5 /* CustomFont.swift */; };
		AD2855132C120CB7002FF1B5 /* CustomButton.swift in Sources */ = {isa = PBXBuildFile; fileRef = AD2855122C120CB7002FF1B5 /* CustomButton.swift */; };
		AD28556E2C123415002FF1B5 /* icons.riv in Resources */ = {isa = PBXBuildFile; fileRef = AD28556D2C123415002FF1B5 /* icons.riv */; };
		AD2855732C1248B4002FF1B5 /* Inter-Regular.ttf in Resources */ = {isa = PBXBuildFile; fileRef = AD28556F2C1248B4002FF1B5 /* Inter-Regular.ttf */; };
		AD2855742C1248B4002FF1B5 /* Inter-SemiBold.ttf in Resources */ = {isa = PBXBuildFile; fileRef = AD2855702C1248B4002FF1B5 /* Inter-SemiBold.ttf */; };
		AD2855752C1248B4002FF1B5 /* Poppins-Bold.ttf in Resources */ = {isa = PBXBuildFile; fileRef = AD2855712C1248B4002FF1B5 /* Poppins-Bold.ttf */; };
		AD28557C2C124EAD002FF1B5 /* ThreadCard.swift in Sources */ = {isa = PBXBuildFile; fileRef = AD28557B2C124EAD002FF1B5 /* ThreadCard.swift */; };
		AD28557F2C124F34002FF1B5 /* Thread.swift in Sources */ = {isa = PBXBuildFile; fileRef = AD28557E2C124F34002FF1B5 /* Thread.swift */; };
		AD2855822C12D546002FF1B5 /* CardButtons.swift in Sources */ = {isa = PBXBuildFile; fileRef = AD2855812C12D546002FF1B5 /* CardButtons.swift */; };
		AD2855852C12D8C8002FF1B5 /* CardImage.swift in Sources */ = {isa = PBXBuildFile; fileRef = AD2855842C12D8C8002FF1B5 /* CardImage.swift */; };
		AD2855882C13314F002FF1B5 /* AnimatedCirclePlaceholder.swift in Sources */ = {isa = PBXBuildFile; fileRef = AD2855872C13314F002FF1B5 /* AnimatedCirclePlaceholder.swift */; };
		AD28558B2C1334B0002FF1B5 /* PlaceholderAnimation.swift in Sources */ = {isa = PBXBuildFile; fileRef = AD28558A2C1334B0002FF1B5 /* PlaceholderAnimation.swift */; };
		AD28558D2C133762002FF1B5 /* AnimatedRectanglePlaceholder.swift in Sources */ = {isa = PBXBuildFile; fileRef = AD28558C2C133762002FF1B5 /* AnimatedRectanglePlaceholder.swift */; };
		ADDF4D602C11E0C4000C9B1D /* travelo_threadsApp.swift in Sources */ = {isa = PBXBuildFile; fileRef = ADDF4D5F2C11E0C4000C9B1D /* travelo_threadsApp.swift */; };
		ADDF4D622C11E0C4000C9B1D /* SignIn.swift in Sources */ = {isa = PBXBuildFile; fileRef = ADDF4D612C11E0C4000C9B1D /* SignIn.swift */; };
		ADDF4D642C11E0C6000C9B1D /* Assets.xcassets in Resources */ = {isa = PBXBuildFile; fileRef = ADDF4D632C11E0C6000C9B1D /* Assets.xcassets */; };
		ADDF4D672C11E0C6000C9B1D /* Preview Assets.xcassets in Resources */ = {isa = PBXBuildFile; fileRef = ADDF4D662C11E0C6000C9B1D /* Preview Assets.xcassets */; };
		ADDF4D702C11E594000C9B1D /* CustomTextField.swift in Sources */ = {isa = PBXBuildFile; fileRef = ADDF4D6F2C11E594000C9B1D /* CustomTextField.swift */; };
		ADDF4D752C11F0A3000C9B1D /* RiveRuntime in Frameworks */ = {isa = PBXBuildFile; productRef = ADDF4D742C11F0A3000C9B1D /* RiveRuntime */; };
		ADDF4D7E2C11FFC7000C9B1D /* HomeView.swift in Sources */ = {isa = PBXBuildFile; fileRef = ADDF4D7D2C11FFC7000C9B1D /* HomeView.swift */; };
		ADDF4D802C120082000C9B1D /* ContentView.swift in Sources */ = {isa = PBXBuildFile; fileRef = ADDF4D7F2C120082000C9B1D /* ContentView.swift */; };
		ADDF4D912C1201E5000C9B1D /* TabBar.swift in Sources */ = {isa = PBXBuildFile; fileRef = ADDF4D902C1201E5000C9B1D /* TabBar.swift */; };
/* End PBXBuildFile section */

/* Begin PBXFileReference section */
		AD28550E2C120C72002FF1B5 /* Extensions.swift */ = {isa = PBXFileReference; lastKnownFileType = sourcecode.swift; path = Extensions.swift; sourceTree = "<group>"; };
		AD2855102C120C9B002FF1B5 /* CustomFont.swift */ = {isa = PBXFileReference; lastKnownFileType = sourcecode.swift; path = CustomFont.swift; sourceTree = "<group>"; };
		AD2855122C120CB7002FF1B5 /* CustomButton.swift */ = {isa = PBXFileReference; lastKnownFileType = sourcecode.swift; path = CustomButton.swift; sourceTree = "<group>"; };
		AD28556D2C123415002FF1B5 /* icons.riv */ = {isa = PBXFileReference; lastKnownFileType = file; path = icons.riv; sourceTree = "<group>"; };
		AD28556F2C1248B4002FF1B5 /* Inter-Regular.ttf */ = {isa = PBXFileReference; lastKnownFileType = file; path = "Inter-Regular.ttf"; sourceTree = "<group>"; };
		AD2855702C1248B4002FF1B5 /* Inter-SemiBold.ttf */ = {isa = PBXFileReference; lastKnownFileType = file; path = "Inter-SemiBold.ttf"; sourceTree = "<group>"; };
		AD2855712C1248B4002FF1B5 /* Poppins-Bold.ttf */ = {isa = PBXFileReference; lastKnownFileType = file; path = "Poppins-Bold.ttf"; sourceTree = "<group>"; };
		AD28557B2C124EAD002FF1B5 /* ThreadCard.swift */ = {isa = PBXFileReference; lastKnownFileType = sourcecode.swift; path = ThreadCard.swift; sourceTree = "<group>"; };
		AD28557E2C124F34002FF1B5 /* Thread.swift */ = {isa = PBXFileReference; lastKnownFileType = sourcecode.swift; path = Thread.swift; sourceTree = "<group>"; };
		AD2855812C12D546002FF1B5 /* CardButtons.swift */ = {isa = PBXFileReference; lastKnownFileType = sourcecode.swift; path = CardButtons.swift; sourceTree = "<group>"; };
		AD2855842C12D8C8002FF1B5 /* CardImage.swift */ = {isa = PBXFileReference; lastKnownFileType = sourcecode.swift; path = CardImage.swift; sourceTree = "<group>"; };
		AD2855872C13314F002FF1B5 /* AnimatedCirclePlaceholder.swift */ = {isa = PBXFileReference; lastKnownFileType = sourcecode.swift; path = AnimatedCirclePlaceholder.swift; sourceTree = "<group>"; };
		AD28558A2C1334B0002FF1B5 /* PlaceholderAnimation.swift */ = {isa = PBXFileReference; lastKnownFileType = sourcecode.swift; path = PlaceholderAnimation.swift; sourceTree = "<group>"; };
		AD28558C2C133762002FF1B5 /* AnimatedRectanglePlaceholder.swift */ = {isa = PBXFileReference; lastKnownFileType = sourcecode.swift; path = AnimatedRectanglePlaceholder.swift; sourceTree = "<group>"; };
		ADDF4D5C2C11E0C4000C9B1D /* travelo_threads.app */ = {isa = PBXFileReference; explicitFileType = wrapper.application; includeInIndex = 0; path = travelo_threads.app; sourceTree = BUILT_PRODUCTS_DIR; };
		ADDF4D5F2C11E0C4000C9B1D /* travelo_threadsApp.swift */ = {isa = PBXFileReference; lastKnownFileType = sourcecode.swift; path = travelo_threadsApp.swift; sourceTree = "<group>"; };
		ADDF4D612C11E0C4000C9B1D /* SignIn.swift */ = {isa = PBXFileReference; lastKnownFileType = sourcecode.swift; path = SignIn.swift; sourceTree = "<group>"; };
		ADDF4D632C11E0C6000C9B1D /* Assets.xcassets */ = {isa = PBXFileReference; lastKnownFileType = folder.assetcatalog; path = Assets.xcassets; sourceTree = "<group>"; };
		ADDF4D662C11E0C6000C9B1D /* Preview Assets.xcassets */ = {isa = PBXFileReference; lastKnownFileType = folder.assetcatalog; path = "Preview Assets.xcassets"; sourceTree = "<group>"; };
		ADDF4D6F2C11E594000C9B1D /* CustomTextField.swift */ = {isa = PBXFileReference; lastKnownFileType = sourcecode.swift; path = CustomTextField.swift; sourceTree = "<group>"; };
		ADDF4D7D2C11FFC7000C9B1D /* HomeView.swift */ = {isa = PBXFileReference; lastKnownFileType = sourcecode.swift; path = HomeView.swift; sourceTree = "<group>"; };
		ADDF4D7F2C120082000C9B1D /* ContentView.swift */ = {isa = PBXFileReference; lastKnownFileType = sourcecode.swift; path = ContentView.swift; sourceTree = "<group>"; };
		ADDF4D902C1201E5000C9B1D /* TabBar.swift */ = {isa = PBXFileReference; lastKnownFileType = sourcecode.swift; path = TabBar.swift; sourceTree = "<group>"; };
/* End PBXFileReference section */

/* Begin PBXFrameworksBuildPhase section */
		ADDF4D592C11E0C4000C9B1D /* Frameworks */ = {
			isa = PBXFrameworksBuildPhase;
			buildActionMask = 2147483647;
			files = (
				ADDF4D752C11F0A3000C9B1D /* RiveRuntime in Frameworks */,
			);
			runOnlyForDeploymentPostprocessing = 0;
		};
/* End PBXFrameworksBuildPhase section */

/* Begin PBXGroup section */
		AD2855142C120CF4002FF1B5 /* RiveAssets */ = {
			isa = PBXGroup;
			children = (
				AD28556D2C123415002FF1B5 /* icons.riv */,
			);
			path = RiveAssets;
			sourceTree = "<group>";
		};
		AD2855722C1248B4002FF1B5 /* Fonts */ = {
			isa = PBXGroup;
			children = (
				AD28556F2C1248B4002FF1B5 /* Inter-Regular.ttf */,
				AD2855702C1248B4002FF1B5 /* Inter-SemiBold.ttf */,
				AD2855712C1248B4002FF1B5 /* Poppins-Bold.ttf */,
			);
			path = Fonts;
			sourceTree = "<group>";
		};
		AD28557A2C124E5E002FF1B5 /* Components */ = {
			isa = PBXGroup;
			children = (
				AD2855862C133131002FF1B5 /* Placeholders */,
				AD2855802C12D52F002FF1B5 /* ThreadCard */,
			);
			path = Components;
			sourceTree = "<group>";
		};
		AD28557D2C124F17002FF1B5 /* Models */ = {
			isa = PBXGroup;
			children = (
				AD28557E2C124F34002FF1B5 /* Thread.swift */,
			);
			path = Models;
			sourceTree = "<group>";
		};
		AD2855802C12D52F002FF1B5 /* ThreadCard */ = {
			isa = PBXGroup;
			children = (
				AD28557B2C124EAD002FF1B5 /* ThreadCard.swift */,
				AD2855812C12D546002FF1B5 /* CardButtons.swift */,
				AD2855842C12D8C8002FF1B5 /* CardImage.swift */,
			);
			path = ThreadCard;
			sourceTree = "<group>";
		};
		AD2855862C133131002FF1B5 /* Placeholders */ = {
			isa = PBXGroup;
			children = (
				AD2855872C13314F002FF1B5 /* AnimatedCirclePlaceholder.swift */,
				AD28558C2C133762002FF1B5 /* AnimatedRectanglePlaceholder.swift */,
			);
			path = Placeholders;
			sourceTree = "<group>";
		};
		AD2855892C133497002FF1B5 /* Extensions */ = {
			isa = PBXGroup;
			children = (
				AD28558A2C1334B0002FF1B5 /* PlaceholderAnimation.swift */,
			);
			path = Extensions;
			sourceTree = "<group>";
		};
		ADDF4D532C11E0C4000C9B1D = {
			isa = PBXGroup;
			children = (
				ADDF4D5E2C11E0C4000C9B1D /* travelo_threads */,
				ADDF4D5D2C11E0C4000C9B1D /* Products */,
			);
			sourceTree = "<group>";
		};
		ADDF4D5D2C11E0C4000C9B1D /* Products */ = {
			isa = PBXGroup;
			children = (
				ADDF4D5C2C11E0C4000C9B1D /* travelo_threads.app */,
			);
			name = Products;
			sourceTree = "<group>";
		};
		ADDF4D5E2C11E0C4000C9B1D /* travelo_threads */ = {
			isa = PBXGroup;
			children = (
				AD2855892C133497002FF1B5 /* Extensions */,
				AD28557D2C124F17002FF1B5 /* Models */,
				AD28557A2C124E5E002FF1B5 /* Components */,
				AD2855722C1248B4002FF1B5 /* Fonts */,
				AD2855142C120CF4002FF1B5 /* RiveAssets */,
				ADDF4D7C2C11FF2D000C9B1D /* Views */,
				ADDF4D6E2C11E57E000C9B1D /* Styles */,
				ADDF4D6D2C11E100000C9B1D /* Navigation */,
				ADDF4D5F2C11E0C4000C9B1D /* travelo_threadsApp.swift */,
				ADDF4D632C11E0C6000C9B1D /* Assets.xcassets */,
				ADDF4D652C11E0C6000C9B1D /* Preview Content */,
			);
			path = travelo_threads;
			sourceTree = "<group>";
		};
		ADDF4D652C11E0C6000C9B1D /* Preview Content */ = {
			isa = PBXGroup;
			children = (
				ADDF4D662C11E0C6000C9B1D /* Preview Assets.xcassets */,
			);
			path = "Preview Content";
			sourceTree = "<group>";
		};
		ADDF4D6D2C11E100000C9B1D /* Navigation */ = {
			isa = PBXGroup;
			children = (
				ADDF4D7F2C120082000C9B1D /* ContentView.swift */,
				ADDF4D902C1201E5000C9B1D /* TabBar.swift */,
			);
			path = Navigation;
			sourceTree = "<group>";
		};
		ADDF4D6E2C11E57E000C9B1D /* Styles */ = {
			isa = PBXGroup;
			children = (
				ADDF4D6F2C11E594000C9B1D /* CustomTextField.swift */,
				AD28550E2C120C72002FF1B5 /* Extensions.swift */,
				AD2855102C120C9B002FF1B5 /* CustomFont.swift */,
				AD2855122C120CB7002FF1B5 /* CustomButton.swift */,
			);
			path = Styles;
			sourceTree = "<group>";
		};
		ADDF4D7C2C11FF2D000C9B1D /* Views */ = {
			isa = PBXGroup;
			children = (
				ADDF4D612C11E0C4000C9B1D /* SignIn.swift */,
				ADDF4D7D2C11FFC7000C9B1D /* HomeView.swift */,
			);
			path = Views;
			sourceTree = "<group>";
		};
/* End PBXGroup section */

/* Begin PBXNativeTarget section */
		ADDF4D5B2C11E0C4000C9B1D /* travelo_threads */ = {
			isa = PBXNativeTarget;
			buildConfigurationList = ADDF4D6A2C11E0C6000C9B1D /* Build configuration list for PBXNativeTarget "travelo_threads" */;
			buildPhases = (
				ADDF4D582C11E0C4000C9B1D /* Sources */,
				ADDF4D592C11E0C4000C9B1D /* Frameworks */,
				ADDF4D5A2C11E0C4000C9B1D /* Resources */,
			);
			buildRules = (
			);
			dependencies = (
			);
			name = travelo_threads;
			packageProductDependencies = (
				ADDF4D742C11F0A3000C9B1D /* RiveRuntime */,
			);
			productName = travelo_threads;
			productReference = ADDF4D5C2C11E0C4000C9B1D /* travelo_threads.app */;
			productType = "com.apple.product-type.application";
		};
/* End PBXNativeTarget section */

/* Begin PBXProject section */
		ADDF4D542C11E0C4000C9B1D /* Project object */ = {
			isa = PBXProject;
			attributes = {
				BuildIndependentTargetsInParallel = 1;
				LastSwiftUpdateCheck = 1530;
				LastUpgradeCheck = 1530;
				TargetAttributes = {
					ADDF4D5B2C11E0C4000C9B1D = {
						CreatedOnToolsVersion = 15.3;
					};
				};
			};
			buildConfigurationList = ADDF4D572C11E0C4000C9B1D /* Build configuration list for PBXProject "travelo_threads" */;
			compatibilityVersion = "Xcode 14.0";
			developmentRegion = en;
			hasScannedForEncodings = 0;
			knownRegions = (
				en,
				Base,
			);
			mainGroup = ADDF4D532C11E0C4000C9B1D;
			packageReferences = (
				ADDF4D732C11F0A3000C9B1D /* XCRemoteSwiftPackageReference "rive-ios" */,
			);
			productRefGroup = ADDF4D5D2C11E0C4000C9B1D /* Products */;
			projectDirPath = "";
			projectRoot = "";
			targets = (
				ADDF4D5B2C11E0C4000C9B1D /* travelo_threads */,
			);
		};
/* End PBXProject section */

/* Begin PBXResourcesBuildPhase section */
		ADDF4D5A2C11E0C4000C9B1D /* Resources */ = {
			isa = PBXResourcesBuildPhase;
			buildActionMask = 2147483647;
			files = (
				ADDF4D672C11E0C6000C9B1D /* Preview Assets.xcassets in Resources */,
				AD2855752C1248B4002FF1B5 /* Poppins-Bold.ttf in Resources */,
				ADDF4D642C11E0C6000C9B1D /* Assets.xcassets in Resources */,
				AD2855732C1248B4002FF1B5 /* Inter-Regular.ttf in Resources */,
				AD2855742C1248B4002FF1B5 /* Inter-SemiBold.ttf in Resources */,
				AD28556E2C123415002FF1B5 /* icons.riv in Resources */,
			);
			runOnlyForDeploymentPostprocessing = 0;
		};
/* End PBXResourcesBuildPhase section */

/* Begin PBXSourcesBuildPhase section */
		ADDF4D582C11E0C4000C9B1D /* Sources */ = {
			isa = PBXSourcesBuildPhase;
			buildActionMask = 2147483647;
			files = (
				ADDF4D912C1201E5000C9B1D /* TabBar.swift in Sources */,
				AD28550F2C120C72002FF1B5 /* Extensions.swift in Sources */,
				AD28557F2C124F34002FF1B5 /* Thread.swift in Sources */,
				AD2855132C120CB7002FF1B5 /* CustomButton.swift in Sources */,
				ADDF4D622C11E0C4000C9B1D /* SignIn.swift in Sources */,
				AD2855822C12D546002FF1B5 /* CardButtons.swift in Sources */,
				AD28558B2C1334B0002FF1B5 /* PlaceholderAnimation.swift in Sources */,
				AD2855882C13314F002FF1B5 /* AnimatedCirclePlaceholder.swift in Sources */,
				AD28558D2C133762002FF1B5 /* AnimatedRectanglePlaceholder.swift in Sources */,
				AD2855852C12D8C8002FF1B5 /* CardImage.swift in Sources */,
				ADDF4D7E2C11FFC7000C9B1D /* HomeView.swift in Sources */,
				ADDF4D802C120082000C9B1D /* ContentView.swift in Sources */,
				AD2855112C120C9B002FF1B5 /* CustomFont.swift in Sources */,
				AD28557C2C124EAD002FF1B5 /* ThreadCard.swift in Sources */,
				ADDF4D602C11E0C4000C9B1D /* travelo_threadsApp.swift in Sources */,
				ADDF4D702C11E594000C9B1D /* CustomTextField.swift in Sources */,
			);
			runOnlyForDeploymentPostprocessing = 0;
		};
/* End PBXSourcesBuildPhase section */

/* Begin XCBuildConfiguration section */
		ADDF4D682C11E0C6000C9B1D /* Debug */ = {
			isa = XCBuildConfiguration;
			buildSettings = {
				ALWAYS_SEARCH_USER_PATHS = NO;
				ASSETCATALOG_COMPILER_GENERATE_SWIFT_ASSET_SYMBOL_EXTENSIONS = YES;
				CLANG_ANALYZER_NONNULL = YES;
				CLANG_ANALYZER_NUMBER_OBJECT_CONVERSION = YES_AGGRESSIVE;
				CLANG_CXX_LANGUAGE_STANDARD = "gnu++20";
				CLANG_ENABLE_MODULES = YES;
				CLANG_ENABLE_OBJC_ARC = YES;
				CLANG_ENABLE_OBJC_WEAK = YES;
				CLANG_WARN_BLOCK_CAPTURE_AUTORELEASING = YES;
				CLANG_WARN_BOOL_CONVERSION = YES;
				CLANG_WARN_COMMA = YES;
				CLANG_WARN_CONSTANT_CONVERSION = YES;
				CLANG_WARN_DEPRECATED_OBJC_IMPLEMENTATIONS = YES;
				CLANG_WARN_DIRECT_OBJC_ISA_USAGE = YES_ERROR;
				CLANG_WARN_DOCUMENTATION_COMMENTS = YES;
				CLANG_WARN_EMPTY_BODY = YES;
				CLANG_WARN_ENUM_CONVERSION = YES;
				CLANG_WARN_INFINITE_RECURSION = YES;
				CLANG_WARN_INT_CONVERSION = YES;
				CLANG_WARN_NON_LITERAL_NULL_CONVERSION = YES;
				CLANG_WARN_OBJC_IMPLICIT_RETAIN_SELF = YES;
				CLANG_WARN_OBJC_LITERAL_CONVERSION = YES;
				CLANG_WARN_OBJC_ROOT_CLASS = YES_ERROR;
				CLANG_WARN_QUOTED_INCLUDE_IN_FRAMEWORK_HEADER = YES;
				CLANG_WARN_RANGE_LOOP_ANALYSIS = YES;
				CLANG_WARN_STRICT_PROTOTYPES = YES;
				CLANG_WARN_SUSPICIOUS_MOVE = YES;
				CLANG_WARN_UNGUARDED_AVAILABILITY = YES_AGGRESSIVE;
				CLANG_WARN_UNREACHABLE_CODE = YES;
				CLANG_WARN__DUPLICATE_METHOD_MATCH = YES;
				COPY_PHASE_STRIP = NO;
				DEBUG_INFORMATION_FORMAT = dwarf;
				ENABLE_STRICT_OBJC_MSGSEND = YES;
				ENABLE_TESTABILITY = YES;
				ENABLE_USER_SCRIPT_SANDBOXING = YES;
				GCC_C_LANGUAGE_STANDARD = gnu17;
				GCC_DYNAMIC_NO_PIC = NO;
				GCC_NO_COMMON_BLOCKS = YES;
				GCC_OPTIMIZATION_LEVEL = 0;
				GCC_PREPROCESSOR_DEFINITIONS = (
					"DEBUG=1",
					"$(inherited)",
				);
				GCC_WARN_64_TO_32_BIT_CONVERSION = YES;
				GCC_WARN_ABOUT_RETURN_TYPE = YES_ERROR;
				GCC_WARN_UNDECLARED_SELECTOR = YES;
				GCC_WARN_UNINITIALIZED_AUTOS = YES_AGGRESSIVE;
				GCC_WARN_UNUSED_FUNCTION = YES;
				GCC_WARN_UNUSED_VARIABLE = YES;
				IPHONEOS_DEPLOYMENT_TARGET = 17.4;
				LOCALIZATION_PREFERS_STRING_CATALOGS = YES;
				MTL_ENABLE_DEBUG_INFO = INCLUDE_SOURCE;
				MTL_FAST_MATH = YES;
				ONLY_ACTIVE_ARCH = YES;
				SDKROOT = iphoneos;
				SWIFT_ACTIVE_COMPILATION_CONDITIONS = "DEBUG $(inherited)";
				SWIFT_OPTIMIZATION_LEVEL = "-Onone";
			};
			name = Debug;
		};
		ADDF4D692C11E0C6000C9B1D /* Release */ = {
			isa = XCBuildConfiguration;
			buildSettings = {
				ALWAYS_SEARCH_USER_PATHS = NO;
				ASSETCATALOG_COMPILER_GENERATE_SWIFT_ASSET_SYMBOL_EXTENSIONS = YES;
				CLANG_ANALYZER_NONNULL = YES;
				CLANG_ANALYZER_NUMBER_OBJECT_CONVERSION = YES_AGGRESSIVE;
				CLANG_CXX_LANGUAGE_STANDARD = "gnu++20";
				CLANG_ENABLE_MODULES = YES;
				CLANG_ENABLE_OBJC_ARC = YES;
				CLANG_ENABLE_OBJC_WEAK = YES;
				CLANG_WARN_BLOCK_CAPTURE_AUTORELEASING = YES;
				CLANG_WARN_BOOL_CONVERSION = YES;
				CLANG_WARN_COMMA = YES;
				CLANG_WARN_CONSTANT_CONVERSION = YES;
				CLANG_WARN_DEPRECATED_OBJC_IMPLEMENTATIONS = YES;
				CLANG_WARN_DIRECT_OBJC_ISA_USAGE = YES_ERROR;
				CLANG_WARN_DOCUMENTATION_COMMENTS = YES;
				CLANG_WARN_EMPTY_BODY = YES;
				CLANG_WARN_ENUM_CONVERSION = YES;
				CLANG_WARN_INFINITE_RECURSION = YES;
				CLANG_WARN_INT_CONVERSION = YES;
				CLANG_WARN_NON_LITERAL_NULL_CONVERSION = YES;
				CLANG_WARN_OBJC_IMPLICIT_RETAIN_SELF = YES;
				CLANG_WARN_OBJC_LITERAL_CONVERSION = YES;
				CLANG_WARN_OBJC_ROOT_CLASS = YES_ERROR;
				CLANG_WARN_QUOTED_INCLUDE_IN_FRAMEWORK_HEADER = YES;
				CLANG_WARN_RANGE_LOOP_ANALYSIS = YES;
				CLANG_WARN_STRICT_PROTOTYPES = YES;
				CLANG_WARN_SUSPICIOUS_MOVE = YES;
				CLANG_WARN_UNGUARDED_AVAILABILITY = YES_AGGRESSIVE;
				CLANG_WARN_UNREACHABLE_CODE = YES;
				CLANG_WARN__DUPLICATE_METHOD_MATCH = YES;
				COPY_PHASE_STRIP = NO;
				DEBUG_INFORMATION_FORMAT = "dwarf-with-dsym";
				ENABLE_NS_ASSERTIONS = NO;
				ENABLE_STRICT_OBJC_MSGSEND = YES;
				ENABLE_USER_SCRIPT_SANDBOXING = YES;
				GCC_C_LANGUAGE_STANDARD = gnu17;
				GCC_NO_COMMON_BLOCKS = YES;
				GCC_WARN_64_TO_32_BIT_CONVERSION = YES;
				GCC_WARN_ABOUT_RETURN_TYPE = YES_ERROR;
				GCC_WARN_UNDECLARED_SELECTOR = YES;
				GCC_WARN_UNINITIALIZED_AUTOS = YES_AGGRESSIVE;
				GCC_WARN_UNUSED_FUNCTION = YES;
				GCC_WARN_UNUSED_VARIABLE = YES;
				IPHONEOS_DEPLOYMENT_TARGET = 17.4;
				LOCALIZATION_PREFERS_STRING_CATALOGS = YES;
				MTL_ENABLE_DEBUG_INFO = NO;
				MTL_FAST_MATH = YES;
				SDKROOT = iphoneos;
				SWIFT_COMPILATION_MODE = wholemodule;
				VALIDATE_PRODUCT = YES;
			};
			name = Release;
		};
		ADDF4D6B2C11E0C6000C9B1D /* Debug */ = {
			isa = XCBuildConfiguration;
			buildSettings = {
				ASSETCATALOG_COMPILER_APPICON_NAME = AppIcon;
				ASSETCATALOG_COMPILER_GLOBAL_ACCENT_COLOR_NAME = AccentColor;
				CODE_SIGN_STYLE = Automatic;
				CURRENT_PROJECT_VERSION = 1;
				DEVELOPMENT_ASSET_PATHS = "\"travelo_threads/Preview Content\"";
				DEVELOPMENT_TEAM = L2LDQS9L5L;
				ENABLE_PREVIEWS = YES;
				GENERATE_INFOPLIST_FILE = YES;
				INFOPLIST_KEY_UIApplicationSceneManifest_Generation = YES;
				INFOPLIST_KEY_UIApplicationSupportsIndirectInputEvents = YES;
				INFOPLIST_KEY_UILaunchScreen_Generation = YES;
				INFOPLIST_KEY_UISupportedInterfaceOrientations_iPad = "UIInterfaceOrientationPortrait UIInterfaceOrientationPortraitUpsideDown UIInterfaceOrientationLandscapeLeft UIInterfaceOrientationLandscapeRight";
				INFOPLIST_KEY_UISupportedInterfaceOrientations_iPhone = "UIInterfaceOrientationPortrait UIInterfaceOrientationLandscapeLeft UIInterfaceOrientationLandscapeRight";
				LD_RUNPATH_SEARCH_PATHS = (
					"$(inherited)",
					"@executable_path/Frameworks",
				);
				MARKETING_VERSION = 1.0;
				PRODUCT_BUNDLE_IDENTIFIER = "com.danuja.travelo-threads";
				PRODUCT_NAME = "$(TARGET_NAME)";
				SWIFT_EMIT_LOC_STRINGS = YES;
				SWIFT_VERSION = 5.0;
				TARGETED_DEVICE_FAMILY = "1,2";
			};
			name = Debug;
		};
		ADDF4D6C2C11E0C6000C9B1D /* Release */ = {
			isa = XCBuildConfiguration;
			buildSettings = {
				ASSETCATALOG_COMPILER_APPICON_NAME = AppIcon;
				ASSETCATALOG_COMPILER_GLOBAL_ACCENT_COLOR_NAME = AccentColor;
				CODE_SIGN_STYLE = Automatic;
				CURRENT_PROJECT_VERSION = 1;
				DEVELOPMENT_ASSET_PATHS = "\"travelo_threads/Preview Content\"";
				DEVELOPMENT_TEAM = L2LDQS9L5L;
				ENABLE_PREVIEWS = YES;
				GENERATE_INFOPLIST_FILE = YES;
				INFOPLIST_KEY_UIApplicationSceneManifest_Generation = YES;
				INFOPLIST_KEY_UIApplicationSupportsIndirectInputEvents = YES;
				INFOPLIST_KEY_UILaunchScreen_Generation = YES;
				INFOPLIST_KEY_UISupportedInterfaceOrientations_iPad = "UIInterfaceOrientationPortrait UIInterfaceOrientationPortraitUpsideDown UIInterfaceOrientationLandscapeLeft UIInterfaceOrientationLandscapeRight";
				INFOPLIST_KEY_UISupportedInterfaceOrientations_iPhone = "UIInterfaceOrientationPortrait UIInterfaceOrientationLandscapeLeft UIInterfaceOrientationLandscapeRight";
				LD_RUNPATH_SEARCH_PATHS = (
					"$(inherited)",
					"@executable_path/Frameworks",
				);
				MARKETING_VERSION = 1.0;
				PRODUCT_BUNDLE_IDENTIFIER = "com.danuja.travelo-threads";
				PRODUCT_NAME = "$(TARGET_NAME)";
				SWIFT_EMIT_LOC_STRINGS = YES;
				SWIFT_VERSION = 5.0;
				TARGETED_DEVICE_FAMILY = "1,2";
			};
			name = Release;
		};
/* End XCBuildConfiguration section */

/* Begin XCConfigurationList section */
		ADDF4D572C11E0C4000C9B1D /* Build configuration list for PBXProject "travelo_threads" */ = {
			isa = XCConfigurationList;
			buildConfigurations = (
				ADDF4D682C11E0C6000C9B1D /* Debug */,
				ADDF4D692C11E0C6000C9B1D /* Release */,
			);
			defaultConfigurationIsVisible = 0;
			defaultConfigurationName = Release;
		};
		ADDF4D6A2C11E0C6000C9B1D /* Build configuration list for PBXNativeTarget "travelo_threads" */ = {
			isa = XCConfigurationList;
			buildConfigurations = (
				ADDF4D6B2C11E0C6000C9B1D /* Debug */,
				ADDF4D6C2C11E0C6000C9B1D /* Release */,
			);
			defaultConfigurationIsVisible = 0;
			defaultConfigurationName = Release;
		};
/* End XCConfigurationList section */

/* Begin XCRemoteSwiftPackageReference section */
		ADDF4D732C11F0A3000C9B1D /* XCRemoteSwiftPackageReference "rive-ios" */ = {
			isa = XCRemoteSwiftPackageReference;
			repositoryURL = "https://github.com/rive-app/rive-ios";
			requirement = {
				kind = upToNextMajorVersion;
				minimumVersion = 5.13.0;
			};
		};
/* End XCRemoteSwiftPackageReference section */

/* Begin XCSwiftPackageProductDependency section */
		ADDF4D742C11F0A3000C9B1D /* RiveRuntime */ = {
			isa = XCSwiftPackageProductDependency;
			package = ADDF4D732C11F0A3000C9B1D /* XCRemoteSwiftPackageReference "rive-ios" */;
			productName = RiveRuntime;
		};
/* End XCSwiftPackageProductDependency section */
	};
	rootObject = ADDF4D542C11E0C4000C9B1D /* Project object */;
}
